// !$*UTF8*$!
{
	archiveVersion = 1;
	classes = {
	};
	objectVersion = 46;
	objects = {

/* Begin PBXBuildFile section */
		55FD4D0D1A36CC50001D2456 /* Foundation.framework in Frameworks */ = {isa = PBXBuildFile; fileRef = 55FD4D0C1A36CC50001D2456 /* Foundation.framework */; };
		55FD4D0F1A36CC50001D2456 /* CoreGraphics.framework in Frameworks */ = {isa = PBXBuildFile; fileRef = 55FD4D0E1A36CC50001D2456 /* CoreGraphics.framework */; };
		55FD4D111A36CC50001D2456 /* UIKit.framework in Frameworks */ = {isa = PBXBuildFile; fileRef = 55FD4D101A36CC50001D2456 /* UIKit.framework */; };
		55FD4D171A36CC50001D2456 /* InfoPlist.strings in Resources */ = {isa = PBXBuildFile; fileRef = 55FD4D151A36CC50001D2456 /* InfoPlist.strings */; };
		55FD4D191A36CC50001D2456 /* main.m in Sources */ = {isa = PBXBuildFile; fileRef = 55FD4D181A36CC50001D2456 /* main.m */; };
		55FD4D1D1A36CC50001D2456 /* ZYJAppDelegate.m in Sources */ = {isa = PBXBuildFile; fileRef = 55FD4D1C1A36CC50001D2456 /* ZYJAppDelegate.m */; };
		55FD4D201A36CC51001D2456 /* Main.storyboard in Resources */ = {isa = PBXBuildFile; fileRef = 55FD4D1E1A36CC51001D2456 /* Main.storyboard */; };
		55FD4D231A36CC51001D2456 /* ZYJViewController.m in Sources */ = {isa = PBXBuildFile; fileRef = 55FD4D221A36CC51001D2456 /* ZYJViewController.m */; };
		55FD4D251A36CC51001D2456 /* Images.xcassets in Resources */ = {isa = PBXBuildFile; fileRef = 55FD4D241A36CC51001D2456 /* Images.xcassets */; };
		55FD4D2C1A36CC51001D2456 /* XCTest.framework in Frameworks */ = {isa = PBXBuildFile; fileRef = 55FD4D2B1A36CC51001D2456 /* XCTest.framework */; };
		55FD4D2D1A36CC51001D2456 /* Foundation.framework in Frameworks */ = {isa = PBXBuildFile; fileRef = 55FD4D0C1A36CC50001D2456 /* Foundation.framework */; };
		55FD4D2E1A36CC51001D2456 /* UIKit.framework in Frameworks */ = {isa = PBXBuildFile; fileRef = 55FD4D101A36CC50001D2456 /* UIKit.framework */; };
		55FD4D361A36CC51001D2456 /* InfoPlist.strings in Resources */ = {isa = PBXBuildFile; fileRef = 55FD4D341A36CC51001D2456 /* InfoPlist.strings */; };
		55FD4D381A36CC51001D2456 /* testalertTests.m in Sources */ = {isa = PBXBuildFile; fileRef = 55FD4D371A36CC51001D2456 /* testalertTests.m */; };
/* End PBXBuildFile section */

/* Begin PBXContainerItemProxy section */
		55FD4D2F1A36CC51001D2456 /* PBXContainerItemProxy */ = {
			isa = PBXContainerItemProxy;
			containerPortal = 55FD4D011A36CC50001D2456 /* Project object */;
			proxyType = 1;
			remoteGlobalIDString = 55FD4D081A36CC50001D2456;
			remoteInfo = testalert;
		};
/* End PBXContainerItemProxy section */

/* Begin PBXFileReference section */
		55FD4D091A36CC50001D2456 /* testalert.app */ = {isa = PBXFileReference; explicitFileType = wrapper.application; includeInIndex = 0; path = testalert.app; sourceTree = BUILT_PRODUCTS_DIR; };
		55FD4D0C1A36CC50001D2456 /* Foundation.framework */ = {isa = PBXFileReference; lastKnownFileType = wrapper.framework; name = Foundation.framework; path = System/Library/Frameworks/Foundation.framework; sourceTree = SDKROOT; };
		55FD4D0E1A36CC50001D2456 /* CoreGraphics.framework */ = {isa = PBXFileReference; lastKnownFileType = wrapper.framework; name = CoreGraphics.framework; path = System/Library/Frameworks/CoreGraphics.framework; sourceTree = SDKROOT; };
		55FD4D101A36CC50001D2456 /* UIKit.framework */ = {isa = PBXFileReference; lastKnownFileType = wrapper.framework; name = UIKit.framework; path = System/Library/Frameworks/UIKit.framework; sourceTree = SDKROOT; };
		55FD4D141A36CC50001D2456 /* testalert-Info.plist */ = {isa = PBXFileReference; lastKnownFileType = text.plist.xml; path = "testalert-Info.plist"; sourceTree = "<group>"; };
		55FD4D161A36CC50001D2456 /* en */ = {isa = PBXFileReference; lastKnownFileType = text.plist.strings; name = en; path = en.lproj/InfoPlist.strings; sourceTree = "<group>"; };
		55FD4D181A36CC50001D2456 /* main.m */ = {isa = PBXFileReference; lastKnownFileType = sourcecode.c.objc; path = main.m; sourceTree = "<group>"; };
		55FD4D1A1A36CC50001D2456 /* testalert-Prefix.pch */ = {isa = PBXFileReference; lastKnownFileType = sourcecode.c.h; path = "testalert-Prefix.pch"; sourceTree = "<group>"; };
		55FD4D1B1A36CC50001D2456 /* ZYJAppDelegate.h */ = {isa = PBXFileReference; lastKnownFileType = sourcecode.c.h; path = ZYJAppDelegate.h; sourceTree = "<group>"; };
		55FD4D1C1A36CC50001D2456 /* ZYJAppDelegate.m */ = {isa = PBXFileReference; lastKnownFileType = sourcecode.c.objc; path = ZYJAppDelegate.m; sourceTree = "<group>"; };
		55FD4D1F1A36CC51001D2456 /* Base */ = {isa = PBXFileReference; lastKnownFileType = file.storyboard; name = Base; path = Base.lproj/Main.storyboard; sourceTree = "<group>"; };
		55FD4D211A36CC51001D2456 /* ZYJViewController.h */ = {isa = PBXFileReference; lastKnownFileType = sourcecode.c.h; path = ZYJViewController.h; sourceTree = "<group>"; };
		55FD4D221A36CC51001D2456 /* ZYJViewController.m */ = {isa = PBXFileReference; lastKnownFileType = sourcecode.c.objc; path = ZYJViewController.m; sourceTree = "<group>"; };
		55FD4D241A36CC51001D2456 /* Images.xcassets */ = {isa = PBXFileReference; lastKnownFileType = folder.assetcatalog; path = Images.xcassets; sourceTree = "<group>"; };
		55FD4D2A1A36CC51001D2456 /* testalertTests.xctest */ = {isa = PBXFileReference; explicitFileType = wrapper.cfbundle; includeInIndex = 0; path = testalertTests.xctest; sourceTree = BUILT_PRODUCTS_DIR; };
		55FD4D2B1A36CC51001D2456 /* XCTest.framework */ = {isa = PBXFileReference; lastKnownFileType = wrapper.framework; name = XCTest.framework; path = Library/Frameworks/XCTest.framework; sourceTree = DEVELOPER_DIR; };
		55FD4D331A36CC51001D2456 /* testalertTests-Info.plist */ = {isa = PBXFileReference; lastKnownFileType = text.plist.xml; path = "testalertTests-Info.plist"; sourceTree = "<group>"; };
		55FD4D351A36CC51001D2456 /* en */ = {isa = PBXFileReference; lastKnownFileType = text.plist.strings; name = en; path = en.lproj/InfoPlist.strings; sourceTree = "<group>"; };
		55FD4D371A36CC51001D2456 /* testalertTests.m */ = {isa = PBXFileReference; lastKnownFileType = sourcecode.c.objc; path = testalertTests.m; sourceTree = "<group>"; };
/* End PBXFileReference section */

/* Begin PBXFrameworksBuildPhase section */
		55FD4D061A36CC50001D2456 /* Frameworks */ = {
			isa = PBXFrameworksBuildPhase;
			buildActionMask = 2147483647;
			files = (
				55FD4D0F1A36CC50001D2456 /* CoreGraphics.framework in Frameworks */,
				55FD4D111A36CC50001D2456 /* UIKit.framework in Frameworks */,
				55FD4D0D1A36CC50001D2456 /* Foundation.framework in Frameworks */,
			);
			runOnlyForDeploymentPostprocessing = 0;
		};
		55FD4D271A36CC51001D2456 /* Frameworks */ = {
			isa = PBXFrameworksBuildPhase;
			buildActionMask = 2147483647;
			files = (
				55FD4D2C1A36CC51001D2456 /* XCTest.framework in Frameworks */,
				55FD4D2E1A36CC51001D2456 /* UIKit.framework in Frameworks */,
				55FD4D2D1A36CC51001D2456 /* Foundation.framework in Frameworks */,
			);
			runOnlyForDeploymentPostprocessing = 0;
		};
/* End PBXFrameworksBuildPhase section */

/* Begin PBXGroup section */
		55FD4D001A36CC50001D2456 = {
			isa = PBXGroup;
			children = (
				55FD4D121A36CC50001D2456 /* testalert */,
				55FD4D311A36CC51001D2456 /* testalertTests */,
				55FD4D0B1A36CC50001D2456 /* Frameworks */,
				55FD4D0A1A36CC50001D2456 /* Products */,
			);
			sourceTree = "<group>";
		};
		55FD4D0A1A36CC50001D2456 /* Products */ = {
			isa = PBXGroup;
			children = (
				55FD4D091A36CC50001D2456 /* testalert.app */,
				55FD4D2A1A36CC51001D2456 /* testalertTests.xctest */,
			);
			name = Products;
			sourceTree = "<group>";
		};
		55FD4D0B1A36CC50001D2456 /* Frameworks */ = {
			isa = PBXGroup;
			children = (
				55FD4D0C1A36CC50001D2456 /* Foundation.framework */,
				55FD4D0E1A36CC50001D2456 /* CoreGraphics.framework */,
				55FD4D101A36CC50001D2456 /* UIKit.framework */,
				55FD4D2B1A36CC51001D2456 /* XCTest.framework */,
			);
			name = Frameworks;
			sourceTree = "<group>";
		};
		55FD4D121A36CC50001D2456 /* testalert */ = {
			isa = PBXGroup;
			children = (
				55FD4D1B1A36CC50001D2456 /* ZYJAppDelegate.h */,
				55FD4D1C1A36CC50001D2456 /* ZYJAppDelegate.m */,
				55FD4D1E1A36CC51001D2456 /* Main.storyboard */,
				55FD4D211A36CC51001D2456 /* ZYJViewController.h */,
				55FD4D221A36CC51001D2456 /* ZYJViewController.m */,
				55FD4D241A36CC51001D2456 /* Images.xcassets */,
				55FD4D131A36CC50001D2456 /* Supporting Files */,
			);
			path = testalert;
			sourceTree = "<group>";
		};
		55FD4D131A36CC50001D2456 /* Supporting Files */ = {
			isa = PBXGroup;
			children = (
				55FD4D141A36CC50001D2456 /* testalert-Info.plist */,
				55FD4D151A36CC50001D2456 /* InfoPlist.strings */,
				55FD4D181A36CC50001D2456 /* main.m */,
				55FD4D1A1A36CC50001D2456 /* testalert-Prefix.pch */,
			);
			name = "Supporting Files";
			sourceTree = "<group>";
		};
		55FD4D311A36CC51001D2456 /* testalertTests */ = {
			isa = PBXGroup;
			children = (
				55FD4D371A36CC51001D2456 /* testalertTests.m */,
				55FD4D321A36CC51001D2456 /* Supporting Files */,
			);
			path = testalertTests;
			sourceTree = "<group>";
		};
		55FD4D321A36CC51001D2456 /* Supporting Files */ = {
			isa = PBXGroup;
			children = (
				55FD4D331A36CC51001D2456 /* testalertTests-Info.plist */,
				55FD4D341A36CC51001D2456 /* InfoPlist.strings */,
			);
			name = "Supporting Files";
			sourceTree = "<group>";
		};
/* End PBXGroup section */

/* Begin PBXNativeTarget section */
		55FD4D081A36CC50001D2456 /* testalert */ = {
			isa = PBXNativeTarget;
			buildConfigurationList = 55FD4D3B1A36CC51001D2456 /* Build configuration list for PBXNativeTarget "testalert" */;
			buildPhases = (
				55FD4D051A36CC50001D2456 /* Sources */,
				55FD4D061A36CC50001D2456 /* Frameworks */,
				55FD4D071A36CC50001D2456 /* Resources */,
			);
			buildRules = (
			);
			dependencies = (
			);
			name = testalert;
			productName = testalert;
			productReference = 55FD4D091A36CC50001D2456 /* testalert.app */;
			productType = "com.apple.product-type.application";
		};
		55FD4D291A36CC51001D2456 /* testalertTests */ = {
			isa = PBXNativeTarget;
			buildConfigurationList = 55FD4D3E1A36CC51001D2456 /* Build configuration list for PBXNativeTarget "testalertTests" */;
			buildPhases = (
				55FD4D261A36CC51001D2456 /* Sources */,
				55FD4D271A36CC51001D2456 /* Frameworks */,
				55FD4D281A36CC51001D2456 /* Resources */,
			);
			buildRules = (
			);
			dependencies = (
				55FD4D301A36CC51001D2456 /* PBXTargetDependency */,
			);
			name = testalertTests;
			productName = testalertTests;
			productReference = 55FD4D2A1A36CC51001D2456 /* testalertTests.xctest */;
			productType = "com.apple.product-type.bundle.unit-test";
		};
/* End PBXNativeTarget section */

/* Begin PBXProject section */
		55FD4D011A36CC50001D2456 /* Project object */ = {
			isa = PBXProject;
			attributes = {
				CLASSPREFIX = ZYJ;
				LastUpgradeCheck = 0510;
				ORGANIZATIONNAME = "苏州达芯微";
				TargetAttributes = {
					55FD4D291A36CC51001D2456 = {
						TestTargetID = 55FD4D081A36CC50001D2456;
					};
				};
			};
			buildConfigurationList = 55FD4D041A36CC50001D2456 /* Build configuration list for PBXProject "testalert" */;
			compatibilityVersion = "Xcode 3.2";
			developmentRegion = English;
			hasScannedForEncodings = 0;
			knownRegions = (
				en,
				Base,
			);
			mainGroup = 55FD4D001A36CC50001D2456;
			productRefGroup = 55FD4D0A1A36CC50001D2456 /* Products */;
			projectDirPath = "";
			projectRoot = "";
			targets = (
				55FD4D081A36CC50001D2456 /* testalert */,
				55FD4D291A36CC51001D2456 /* testalertTests */,
			);
		};
/* End PBXProject section */

/* Begin PBXResourcesBuildPhase section */
		55FD4D071A36CC50001D2456 /* Resources */ = {
			isa = PBXResourcesBuildPhase;
			buildActionMask = 2147483647;
			files = (
				55FD4D251A36CC51001D2456 /* Images.xcassets in Resources */,
				55FD4D171A36CC50001D2456 /* InfoPlist.strings in Resources */,
				55FD4D201A36CC51001D2456 /* Main.storyboard in Resources */,
			);
			runOnlyForDeploymentPostprocessing = 0;
		};
		55FD4D281A36CC51001D2456 /* Resources */ = {
			isa = PBXResourcesBuildPhase;
			buildActionMask = 2147483647;
			files = (
				55FD4D361A36CC51001D2456 /* InfoPlist.strings in Resources */,
			);
			runOnlyForDeploymentPostprocessing = 0;
		};
/* End PBXResourcesBuildPhase section */

/* Begin PBXSourcesBuildPhase section */
		55FD4D051A36CC50001D2456 /* Sources */ = {
			isa = PBXSourcesBuildPhase;
			buildActionMask = 2147483647;
			files = (
				55FD4D1D1A36CC50001D2456 /* ZYJAppDelegate.m in Sources */,
				55FD4D191A36CC50001D2456 /* main.m in Sources */,
				55FD4D231A36CC51001D2456 /* ZYJViewController.m in Sources */,
			);
			runOnlyForDeploymentPostprocessing = 0;
		};
		55FD4D261A36CC51001D2456 /* Sources */ = {
			isa = PBXSourcesBuildPhase;
			buildActionMask = 2147483647;
			files = (
				55FD4D381A36CC51001D2456 /* testalertTests.m in Sources */,
			);
			runOnlyForDeploymentPostprocessing = 0;
		};
/* End PBXSourcesBuildPhase section */

/* Begin PBXTargetDependency section */
		55FD4D301A36CC51001D2456 /* PBXTargetDependency */ = {
			isa = PBXTargetDependency;
			target = 55FD4D081A36CC50001D2456 /* testalert */;
			targetProxy = 55FD4D2F1A36CC51001D2456 /* PBXContainerItemProxy */;
		};
/* End PBXTargetDependency section */

/* Begin PBXVariantGroup section */
		55FD4D151A36CC50001D2456 /* InfoPlist.strings */ = {
			isa = PBXVariantGroup;
			children = (
				55FD4D161A36CC50001D2456 /* en */,
			);
			name = InfoPlist.strings;
			sourceTree = "<group>";
		};
		55FD4D1E1A36CC51001D2456 /* Main.storyboard */ = {
			isa = PBXVariantGroup;
			children = (
				55FD4D1F1A36CC51001D2456 /* Base */,
			);
			name = Main.storyboard;
			sourceTree = "<group>";
		};
		55FD4D341A36CC51001D2456 /* InfoPlist.strings */ = {
			isa = PBXVariantGroup;
			children = (
				55FD4D351A36CC51001D2456 /* en */,
			);
			name = InfoPlist.strings;
			sourceTree = "<group>";
		};
/* End PBXVariantGroup section */

/* Begin XCBuildConfiguration section */
		55FD4D391A36CC51001D2456 /* Debug */ = {
			isa = XCBuildConfiguration;
			buildSettings = {
				ALWAYS_SEARCH_USER_PATHS = NO;
				CLANG_CXX_LANGUAGE_STANDARD = "gnu++0x";
				CLANG_CXX_LIBRARY = "libc++";
				CLANG_ENABLE_MODULES = YES;
				CLANG_ENABLE_OBJC_ARC = YES;
				CLANG_WARN_BOOL_CONVERSION = YES;
				CLANG_WARN_CONSTANT_CONVERSION = YES;
				CLANG_WARN_DIRECT_OBJC_ISA_USAGE = YES_ERROR;
				CLANG_WARN_EMPTY_BODY = YES;
				CLANG_WARN_ENUM_CONVERSION = YES;
				CLANG_WARN_INT_CONVERSION = YES;
				CLANG_WARN_OBJC_ROOT_CLASS = YES_ERROR;
				CLANG_WARN__DUPLICATE_METHOD_MATCH = YES;
				"CODE_SIGN_IDENTITY[sdk=iphoneos*]" = "iPhone Developer";
				COPY_PHASE_STRIP = NO;
				GCC_C_LANGUAGE_STANDARD = gnu99;
				GCC_DYNAMIC_NO_PIC = NO;
				GCC_OPTIMIZATION_LEVEL = 0;
				GCC_PREPROCESSOR_DEFINITIONS = (
					"DEBUG=1",
					"$(inherited)",
				);
				GCC_SYMBOLS_PRIVATE_EXTERN = NO;
				GCC_WARN_64_TO_32_BIT_CONVERSION = YES;
				GCC_WARN_ABOUT_RETURN_TYPE = YES_ERROR;
				GCC_WARN_UNDECLARED_SELECTOR = YES;
				GCC_WARN_UNINITIALIZED_AUTOS = YES_AGGRESSIVE;
				GCC_WARN_UNUSED_FUNCTION = YES;
				GCC_WARN_UNUSED_VARIABLE = YES;
				IPHONEOS_DEPLOYMENT_TARGET = 7.1;
				ONLY_ACTIVE_ARCH = YES;
				SDKROOT = iphoneos;
			};
			name = Debug;
		};
		55FD4D3A1A36CC51001D2456 /* Release */ = {
			isa = XCBuildConfiguration;
			buildSettings = {
				ALWAYS_SEARCH_USER_PATHS = NO;
				CLANG_CXX_LANGUAGE_STANDARD = "gnu++0x";
				CLANG_CXX_LIBRARY = "libc++";
				CLANG_ENABLE_MODULES = YES;
				CLANG_ENABLE_OBJC_ARC = YES;
				CLANG_WARN_BOOL_CONVERSION = YES;
				CLANG_WARN_CONSTANT_CONVERSION = YES;
				CLANG_WARN_DIRECT_OBJC_ISA_USAGE = YES_ERROR;
				CLANG_WARN_EMPTY_BODY = YES;
				CLANG_WARN_ENUM_CONVERSION = YES;
				CLANG_WARN_INT_CONVERSION = YES;
				CLANG_WARN_OBJC_ROOT_CLASS = YES_ERROR;
				CLANG_WARN__DUPLICATE_METHOD_MATCH = YES;
				"CODE_SIGN_IDENTITY[sdk=iphoneos*]" = "iPhone Developer";
				COPY_PHASE_STRIP = YES;
				ENABLE_NS_ASSERTIONS = NO;
				GCC_C_LANGUAGE_STANDARD = gnu99;
				GCC_WARN_64_TO_32_BIT_CONVERSION = YES;
				GCC_WARN_ABOUT_RETURN_TYPE = YES_ERROR;
				GCC_WARN_UNDECLARED_SELECTOR = YES;
				GCC_WARN_UNINITIALIZED_AUTOS = YES_AGGRESSIVE;
				GCC_WARN_UNUSED_FUNCTION = YES;
				GCC_WARN_UNUSED_VARIABLE = YES;
				IPHONEOS_DEPLOYMENT_TARGET = 7.1;
				SDKROOT = iphoneos;
				VALIDATE_PRODUCT = YES;
			};
			name = Release;
		};
		55FD4D3C1A36CC51001D2456 /* Debug */ = {
			isa = XCBuildConfiguration;
			buildSettings = {
				ASSETCATALOG_COMPILER_APPICON_NAME = AppIcon;
				ASSETCATALOG_COMPILER_LAUNCHIMAGE_NAME = LaunchImage;
				GCC_PRECOMPILE_PREFIX_HEADER = YES;
				GCC_PREFIX_HEADER = "testalert/testalert-Prefix.pch";
				INFOPLIST_FILE = "testalert/testalert-Info.plist";
				PRODUCT_NAME = "$(TARGET_NAME)";
				WRAPPER_EXTENSION = app;
			};
			name = Debug;
		};
		55FD4D3D1A36CC51001D2456 /* Release */ = {
			isa = XCBuildConfiguration;
			buildSettings = {
				ASSETCATALOG_COMPILER_APPICON_NAME = AppIcon;
				ASSETCATALOG_COMPILER_LAUNCHIMAGE_NAME = LaunchImage;
				GCC_PRECOMPILE_PREFIX_HEADER = YES;
				GCC_PREFIX_HEADER = "testalert/testalert-Prefix.pch";
				INFOPLIST_FILE = "testalert/testalert-Info.plist";
				PRODUCT_NAME = "$(TARGET_NAME)";
				WRAPPER_EXTENSION = app;
			};
			name = Release;
		};
		55FD4D3F1A36CC51001D2456 /* Debug */ = {
			isa = XCBuildConfiguration;
			buildSettings = {
				BUNDLE_LOADER = "$(BUILT_PRODUCTS_DIR)/testalert.app/testalert";
				FRAMEWORK_SEARCH_PATHS = (
					"$(SDKROOT)/Developer/Library/Frameworks",
					"$(inherited)",
					"$(DEVELOPER_FRAMEWORKS_DIR)",
				);
				GCC_PRECOMPILE_PREFIX_HEADER = YES;
				GCC_PREFIX_HEADER = "testalert/testalert-Prefix.pch";
				GCC_PREPROCESSOR_DEFINITIONS = (
					"DEBUG=1",
					"$(inherited)",
				);
				INFOPLIST_FILE = "testalertTests/testalertTests-Info.plist";
				PRODUCT_NAME = "$(TARGET_NAME)";
				TEST_HOST = "$(BUNDLE_LOADER)";
				WRAPPER_EXTENSION = xctest;
			};
			name = Debug;
		};
		55FD4D401A36CC51001D2456 /* Release */ = {
			isa = XCBuildConfiguration;
			buildSettings = {
				BUNDLE_LOADER = "$(BUILT_PRODUCTS_DIR)/testalert.app/testalert";
				FRAMEWORK_SEARCH_PATHS = (
					"$(SDKROOT)/Developer/Library/Frameworks",
					"$(inherited)",
					"$(DEVELOPER_FRAMEWORKS_DIR)",
				);
				GCC_PRECOMPILE_PREFIX_HEADER = YES;
				GCC_PREFIX_HEADER = "testalert/testalert-Prefix.pch";
				INFOPLIST_FILE = "testalertTests/testalertTests-Info.plist";
				PRODUCT_NAME = "$(TARGET_NAME)";
				TEST_HOST = "$(BUNDLE_LOADER)";
				WRAPPER_EXTENSION = xctest;
			};
			name = Release;
		};
/* End XCBuildConfiguration section */

/* Begin XCConfigurationList section */
		55FD4D041A36CC50001D2456 /* Build configuration list for PBXProject "testalert" */ = {
			isa = XCConfigurationList;
			buildConfigurations = (
				55FD4D391A36CC51001D2456 /* Debug */,
				55FD4D3A1A36CC51001D2456 /* Release */,
			);
			defaultConfigurationIsVisible = 0;
			defaultConfigurationName = Release;
		};
		55FD4D3B1A36CC51001D2456 /* Build configuration list for PBXNativeTarget "testalert" */ = {
			isa = XCConfigurationList;
			buildConfigurations = (
				55FD4D3C1A36CC51001D2456 /* Debug */,
				55FD4D3D1A36CC51001D2456 /* Release */,
			);
			defaultConfigurationIsVisible = 0;
		};
		55FD4D3E1A36CC51001D2456 /* Build configuration list for PBXNativeTarget "testalertTests" */ = {
			isa = XCConfigurationList;
			buildConfigurations = (
				55FD4D3F1A36CC51001D2456 /* Debug */,
				55FD4D401A36CC51001D2456 /* Release */,
			);
			defaultConfigurationIsVisible = 0;
		};
/* End XCConfigurationList section */
	};
	rootObject = 55FD4D011A36CC50001D2456 /* Project object */;
}
